
Microsoft Visual Studio Solution File, Format Version 12.00
# Visual Studio 2012
Project("{FAE04EC0-301F-11D3-BF4B-00C04F79EFBC}") = "ApressDemo", "ApressDemo\ApressDemo.csproj", "{BD7D646A-A6E9-4FBD-82E6-691DFDB709FF}"
EndProject
Project("{FAE04EC0-301F-11D3-BF4B-00C04F79EFBC}") = "BackgroundAgentDemo", "BackgroundAgentDemo\BackgroundAgentDemo.csproj", "{60282593-9954-434D-A19F-08CC0F601A11}"
EndProject
Global
	GlobalSection(TeamFoundationVersionControl) = preSolution
		SccNumberOfProjects = 3
		SccEnterpriseProvider = {4CA58AB2-18FA-4F8D-95D4-32DDF27D184C}
		SccTeamFoundationServer = https://samidipbasu.visualstudio.com/defaultcollection
		SccLocalPath0 = .
		SccProjectUniqueName1 = ApressDemo\\ApressDemo.csproj
		SccProjectName1 = ApressDemo
		SccLocalPath1 = ApressDemo
		SccProjectUniqueName2 = BackgroundAgentDemo\\BackgroundAgentDemo.csproj
		SccProjectName2 = BackgroundAgentDemo
		SccLocalPath2 = BackgroundAgentDemo
	EndGlobalSection
	GlobalSection(SolutionConfigurationPlatforms) = preSolution
		Debug|Any CPU = Debug|Any CPU
		Debug|ARM = Debug|ARM
		Debug|x64 = Debug|x64
		Debug|x86 = Debug|x86
		Release|Any CPU = Release|Any CPU
		Release|ARM = Release|ARM
		Release|x64 = Release|x64
		Release|x86 = Release|x86
	EndGlobalSection
	GlobalSection(ProjectConfigurationPlatforms) = postSolution
		{BD7D646A-A6E9-4FBD-82E6-691DFDB709FF}.Debug|Any CPU.ActiveCfg = Debug|x64
		{BD7D646A-A6E9-4FBD-82E6-691DFDB709FF}.Debug|Any CPU.Build.0 = Debug|x64
		{BD7D646A-A6E9-4FBD-82E6-691DFDB709FF}.Debug|Any CPU.Deploy.0 = Debug|x64
		{BD7D646A-A6E9-4FBD-82E6-691DFDB709FF}.Debug|ARM.ActiveCfg = Debug|ARM
		{BD7D646A-A6E9-4FBD-82E6-691DFDB709FF}.Debug|ARM.Build.0 = Debug|ARM
		{BD7D646A-A6E9-4FBD-82E6-691DFDB709FF}.Debug|ARM.Deploy.0 = Debug|ARM
		{BD7D646A-A6E9-4FBD-82E6-691DFDB709FF}.Debug|x64.ActiveCfg = Debug|x64
		{BD7D646A-A6E9-4FBD-82E6-691DFDB709FF}.Debug|x64.Build.0 = Debug|x64
		{BD7D646A-A6E9-4FBD-82E6-691DFDB709FF}.Debug|x64.Deploy.0 = Debug|x64
		{BD7D646A-A6E9-4FBD-82E6-691DFDB709FF}.Debug|x86.ActiveCfg = Debug|x86
		{BD7D646A-A6E9-4FBD-82E6-691DFDB709FF}.Debug|x86.Build.0 = Debug|x86
		{BD7D646A-A6E9-4FBD-82E6-691DFDB709FF}.Debug|x86.Deploy.0 = Debug|x86
		{BD7D646A-A6E9-4FBD-82E6-691DFDB709FF}.Release|Any CPU.ActiveCfg = Release|x64
		{BD7D646A-A6E9-4FBD-82E6-691DFDB709FF}.Release|Any CPU.Build.0 = Release|x64
		{BD7D646A-A6E9-4FBD-82E6-691DFDB709FF}.Release|Any CPU.Deploy.0 = Release|x64
		{BD7D646A-A6E9-4FBD-82E6-691DFDB709FF}.Release|ARM.ActiveCfg = Release|ARM
		{BD7D646A-A6E9-4FBD-82E6-691DFDB709FF}.Release|ARM.Build.0 = Release|ARM
		{BD7D646A-A6E9-4FBD-82E6-691DFDB709FF}.Release|ARM.Deploy.0 = Release|ARM
		{BD7D646A-A6E9-4FBD-82E6-691DFDB709FF}.Release|x64.ActiveCfg = Release|x64
		{BD7D646A-A6E9-4FBD-82E6-691DFDB709FF}.Release|x64.Build.0 = Release|x64
		{BD7D646A-A6E9-4FBD-82E6-691DFDB709FF}.Release|x64.Deploy.0 = Release|x64
		{BD7D646A-A6E9-4FBD-82E6-691DFDB709FF}.Release|x86.ActiveCfg = Release|x86
		{BD7D646A-A6E9-4FBD-82E6-691DFDB709FF}.Release|x86.Build.0 = Release|x86
		{BD7D646A-A6E9-4FBD-82E6-691DFDB709FF}.Release|x86.Deploy.0 = Release|x86
		{60282593-9954-434D-A19F-08CC0F601A11}.Debug|Any CPU.ActiveCfg = Debug|Any CPU
		{60282593-9954-434D-A19F-08CC0F601A11}.Debug|Any CPU.Build.0 = Debug|Any CPU
		{60282593-9954-434D-A19F-08CC0F601A11}.Debug|ARM.ActiveCfg = Debug|ARM
		{60282593-9954-434D-A19F-08CC0F601A11}.Debug|ARM.Build.0 = Debug|ARM
		{60282593-9954-434D-A19F-08CC0F601A11}.Debug|x64.ActiveCfg = Debug|x64
		{60282593-9954-434D-A19F-08CC0F601A11}.Debug|x64.Build.0 = Debug|x64
		{60282593-9954-434D-A19F-08CC0F601A11}.Debug|x86.ActiveCfg = Debug|x86
		{60282593-9954-434D-A19F-08CC0F601A11}.Debug|x86.Build.0 = Debug|x86
		{60282593-9954-434D-A19F-08CC0F601A11}.Release|Any CPU.ActiveCfg = Release|Any CPU
		{60282593-9954-434D-A19F-08CC0F601A11}.Release|Any CPU.Build.0 = Release|Any CPU
		{60282593-9954-434D-A19F-08CC0F601A11}.Release|ARM.ActiveCfg = Release|ARM
		{60282593-9954-434D-A19F-08CC0F601A11}.Release|ARM.Build.0 = Release|ARM
		{60282593-9954-434D-A19F-08CC0F601A11}.Release|x64.ActiveCfg = Release|x64
		{60282593-9954-434D-A19F-08CC0F601A11}.Release|x64.Build.0 = Release|x64
		{60282593-9954-434D-A19F-08CC0F601A11}.Release|x86.ActiveCfg = Release|x86
		{60282593-9954-434D-A19F-08CC0F601A11}.Release|x86.Build.0 = Release|x86
	EndGlobalSection
	GlobalSection(SolutionProperties) = preSolution
		HideSolutionNode = FALSE
	EndGlobalSection
	GlobalSection(Performance) = preSolution
		HasPerformanceSessions = true
	EndGlobalSection
EndGlobal
